// !$*UTF8*$!
{
	archiveVersion = 1;
	classes = {
	};
	objectVersion = 54;
	objects = {

/* Begin PBXBuildFile section */
		00E356F31AD99517003FC87E /* sefTests.m in Sources */ = {isa = PBXBuildFile; fileRef = 00E356F21AD99517003FC87E /* sefTests.m */; };
		0C80B921A6F3F58F76C31292 /* libPods-sef.a in Frameworks */ = {isa = PBXBuildFile; fileRef = 5DCACB8F33CDC322A6C60F78 /* libPods-sef.a */; };
		13B07FBC1A68108700A75B9A /* AppDelegate.mm in Sources */ = {isa = PBXBuildFile; fileRef = 13B07FB01A68108700A75B9A /* AppDelegate.mm */; };
		13B07FBF1A68108700A75B9A /* Images.xcassets in Resources */ = {isa = PBXBuildFile; fileRef = 13B07FB51A68108700A75B9A /* Images.xcassets */; };
		13B07FC11A68108700A75B9A /* main.m in Sources */ = {isa = PBXBuildFile; fileRef = 13B07FB71A68108700A75B9A /* main.m */; };
		7699B88040F8A987B510C191 /* libPods-sef-sefTests.a in Frameworks */ = {isa = PBXBuildFile; fileRef = 19F6CBCC0A4E27FBF8BF4A61 /* libPods-sef-sefTests.a */; };
		81AB9BB82411601600AC10FF /* LaunchScreen.storyboard in Resources */ = {isa = PBXBuildFile; fileRef = 81AB9BB72411601600AC10FF /* LaunchScreen.storyboard */; };
		8A85D4D3D6474E3F8992A4E0 /* HindSiliguri-Bold.ttf in Resources */ = {isa = PBXBuildFile; fileRef = CB4257971B2142EEA6BCD733 /* HindSiliguri-Bold.ttf */; };
		FDDA7E29C73247E1AB0831C9 /* HindSiliguri-Light.ttf in Resources */ = {isa = PBXBuildFile; fileRef = 65A7A39542D140529983CCA3 /* HindSiliguri-Light.ttf */; };
		065A599497E744C3A9A11F26 /* HindSiliguri-Medium.ttf in Resources */ = {isa = PBXBuildFile; fileRef = 653659BF21354EEAB97CA336 /* HindSiliguri-Medium.ttf */; };
		89B8206B4F7149818064B961 /* HindSiliguri-Regular.ttf in Resources */ = {isa = PBXBuildFile; fileRef = 441CBE6B7764458A8A4A6020 /* HindSiliguri-Regular.ttf */; };
		E2983AB1FFEB4775AB73FA00 /* HindSiliguri-SemiBold.ttf in Resources */ = {isa = PBXBuildFile; fileRef = 1B3EA15D9EAE4DEA840F0203 /* HindSiliguri-SemiBold.ttf */; };
		1A97B029268C4FBD9408FC03 /* Kalpana UNICODE.ttf in Resources */ = {isa = PBXBuildFile; fileRef = 5CDD660CA3F341DEA70F3D75 /* Kalpana UNICODE.ttf */; };
		C6A37D53FBB443FF83BDE7DC /* NotoSerifBengali-VariableFont_wdth,wght.ttf in Resources */ = {isa = PBXBuildFile; fileRef = 8F9E193EF9AB4EE28A81DF47 /* NotoSerifBengali-VariableFont_wdth,wght.ttf */; };
		69A96A86FAE44C8793DBBC4B /* NotoSerifBengali_Condensed-Black.ttf in Resources */ = {isa = PBXBuildFile; fileRef = 631F7EFBAE9B4D34A76A0F4B /* NotoSerifBengali_Condensed-Black.ttf */; };
		D502BB18CBE342429A8809BD /* NotoSerifBengali_Condensed-Bold.ttf in Resources */ = {isa = PBXBuildFile; fileRef = 77DD02849FCC41B6B9A845C6 /* NotoSerifBengali_Condensed-Bold.ttf */; };
		85639269B22C484FBD023A31 /* NotoSerifBengali_Condensed-Light.ttf in Resources */ = {isa = PBXBuildFile; fileRef = AFBA600BC24A4937BCBBFD7A /* NotoSerifBengali_Condensed-Light.ttf */; };
		04768E4F57A74891B0E2E95D /* NotoSerifBengali_Condensed-Medium.ttf in Resources */ = {isa = PBXBuildFile; fileRef = E969D5BBD2F7470B947E7D19 /* NotoSerifBengali_Condensed-Medium.ttf */; };
		2F7A18936E784AF88AC48203 /* NotoSerifBengali_Condensed-Regular.ttf in Resources */ = {isa = PBXBuildFile; fileRef = 42EDF5F33F274D4FBEE036AE /* NotoSerifBengali_Condensed-Regular.ttf */; };
		52EB7D5D0F83460E816D3713 /* Pacifico-Regular.ttf in Resources */ = {isa = PBXBuildFile; fileRef = 0800953407CC4DCB81670E75 /* Pacifico-Regular.ttf */; };
		41FD033A821F4CF797D6D283 /* Roboto-Black.ttf in Resources */ = {isa = PBXBuildFile; fileRef = 045FD89DC89945E685837D85 /* Roboto-Black.ttf */; };
		499B96A390A043E29654F683 /* Roboto-BlackItalic.ttf in Resources */ = {isa = PBXBuildFile; fileRef = 3243FCD8F22A4B2C92E2F972 /* Roboto-BlackItalic.ttf */; };
		5651CD15972E4F16B2551798 /* Roboto-Bold.ttf in Resources */ = {isa = PBXBuildFile; fileRef = 3B7B8E5A73974EC89E200A71 /* Roboto-Bold.ttf */; };
		2F01455F64904EDA80A2D65D /* Roboto-BoldItalic.ttf in Resources */ = {isa = PBXBuildFile; fileRef = 6F6BDD91DEB24CF3884A2E06 /* Roboto-BoldItalic.ttf */; };
		237F500C6BCB4A63B749DCC6 /* Roboto-Italic.ttf in Resources */ = {isa = PBXBuildFile; fileRef = 2A82A12768D3480486B5867C /* Roboto-Italic.ttf */; };
		2D34A9DBA2BE4B939D3F2E32 /* Roboto-Light.ttf in Resources */ = {isa = PBXBuildFile; fileRef = 3C90AA08D89E40ABB9F5ED90 /* Roboto-Light.ttf */; };
		EF4697A3F8D4470C84D319A9 /* Roboto-LightItalic.ttf in Resources */ = {isa = PBXBuildFile; fileRef = BC91474CB5C34C749301DAC7 /* Roboto-LightItalic.ttf */; };
		EA797BB50F0B43DAB2B8AA9C /* Roboto-Medium.ttf in Resources */ = {isa = PBXBuildFile; fileRef = 5ADE6D8ECC7F47AEB60F39D3 /* Roboto-Medium.ttf */; };
		F6BEA67BD6844736AA2774F4 /* Roboto-MediumItalic.ttf in Resources */ = {isa = PBXBuildFile; fileRef = 83EA132B72EE421FAF565B6F /* Roboto-MediumItalic.ttf */; };
		54EC1A18F66B4985BBBF04A9 /* Roboto-Regular.ttf in Resources */ = {isa = PBXBuildFile; fileRef = A8351A88BB67447EAE7D4AFE /* Roboto-Regular.ttf */; };
		82295CFC04E5413C9543E772 /* Roboto-Thin.ttf in Resources */ = {isa = PBXBuildFile; fileRef = 284FE44F90BC435095C9CF68 /* Roboto-Thin.ttf */; };
		7BAF939D7290427B84FA7AAD /* Roboto-ThinItalic.ttf in Resources */ = {isa = PBXBuildFile; fileRef = D8E33EE858AC40B4848F8690 /* Roboto-ThinItalic.ttf */; };
		99888BAEAE5A41858D85232C /* Sacramento-Regular.ttf in Resources */ = {isa = PBXBuildFile; fileRef = 10247C9A8EAD4E41976B46CA /* Sacramento-Regular.ttf */; };
		A686C08BE1F4452E8E402A46 /* SutonnyMJ-Bold.ttf in Resources */ = {isa = PBXBuildFile; fileRef = 1FB881219AE344DE8857359D /* SutonnyMJ-Bold.ttf */; };
		8D0812112DD841F7BD06398C /* SutonnyOMJ.ttf in Resources */ = {isa = PBXBuildFile; fileRef = 1B29BFEE25B9449D8E3E41CB /* SutonnyOMJ.ttf */; };
		81AF996F334141E78DA91AD9 /* TiroBangla-Italic.ttf in Resources */ = {isa = PBXBuildFile; fileRef = BDAD2565580D4B11805B3A8B /* TiroBangla-Italic.ttf */; };
		96970766E0994FE9A0CCB7BB /* TiroBangla-Regular.ttf in Resources */ = {isa = PBXBuildFile; fileRef = 8B37F04751674A129AAE177A /* TiroBangla-Regular.ttf */; };
/* End PBXBuildFile section */

/* Begin PBXContainerItemProxy section */
		00E356F41AD99517003FC87E /* PBXContainerItemProxy */ = {
			isa = PBXContainerItemProxy;
			containerPortal = 83CBB9F71A601CBA00E9B192 /* Project object */;
			proxyType = 1;
			remoteGlobalIDString = 13B07F861A680F5B00A75B9A;
			remoteInfo = sef;
		};
/* End PBXContainerItemProxy section */

/* Begin PBXFileReference section */
		00E356EE1AD99517003FC87E /* sefTests.xctest */ = {isa = PBXFileReference; explicitFileType = wrapper.cfbundle; includeInIndex = 0; path = sefTests.xctest; sourceTree = BUILT_PRODUCTS_DIR; };
		00E356F11AD99517003FC87E /* Info.plist */ = {isa = PBXFileReference; lastKnownFileType = text.plist.xml; path = Info.plist; sourceTree = "<group>"; };
		00E356F21AD99517003FC87E /* sefTests.m */ = {isa = PBXFileReference; lastKnownFileType = sourcecode.c.objc; path = sefTests.m; sourceTree = "<group>"; };
		13B07F961A680F5B00A75B9A /* sef.app */ = {isa = PBXFileReference; explicitFileType = wrapper.application; includeInIndex = 0; path = sef.app; sourceTree = BUILT_PRODUCTS_DIR; };
		13B07FAF1A68108700A75B9A /* AppDelegate.h */ = {isa = PBXFileReference; fileEncoding = 4; lastKnownFileType = sourcecode.c.h; name = AppDelegate.h; path = sef/AppDelegate.h; sourceTree = "<group>"; };
		13B07FB01A68108700A75B9A /* AppDelegate.mm */ = {isa = PBXFileReference; fileEncoding = 4; lastKnownFileType = sourcecode.cpp.objcpp; name = AppDelegate.mm; path = sef/AppDelegate.mm; sourceTree = "<group>"; };
		13B07FB51A68108700A75B9A /* Images.xcassets */ = {isa = PBXFileReference; lastKnownFileType = folder.assetcatalog; name = Images.xcassets; path = sef/Images.xcassets; sourceTree = "<group>"; };
		13B07FB61A68108700A75B9A /* Info.plist */ = {isa = PBXFileReference; fileEncoding = 4; lastKnownFileType = text.plist.xml; name = Info.plist; path = sef/Info.plist; sourceTree = "<group>"; };
		13B07FB71A68108700A75B9A /* main.m */ = {isa = PBXFileReference; fileEncoding = 4; lastKnownFileType = sourcecode.c.objc; name = main.m; path = sef/main.m; sourceTree = "<group>"; };
		13B07FB81A68108700A75B9A /* PrivacyInfo.xcprivacy */ = {isa = PBXFileReference; fileEncoding = 4; lastKnownFileType = text.plist.xml; name = PrivacyInfo.xcprivacy; path = sef/PrivacyInfo.xcprivacy; sourceTree = "<group>"; };
		19F6CBCC0A4E27FBF8BF4A61 /* libPods-sef-sefTests.a */ = {isa = PBXFileReference; explicitFileType = archive.ar; includeInIndex = 0; path = "libPods-sef-sefTests.a"; sourceTree = BUILT_PRODUCTS_DIR; };
		3B4392A12AC88292D35C810B /* Pods-sef.debug.xcconfig */ = {isa = PBXFileReference; includeInIndex = 1; lastKnownFileType = text.xcconfig; name = "Pods-sef.debug.xcconfig"; path = "Target Support Files/Pods-sef/Pods-sef.debug.xcconfig"; sourceTree = "<group>"; };
		5709B34CF0A7D63546082F79 /* Pods-sef.release.xcconfig */ = {isa = PBXFileReference; includeInIndex = 1; lastKnownFileType = text.xcconfig; name = "Pods-sef.release.xcconfig"; path = "Target Support Files/Pods-sef/Pods-sef.release.xcconfig"; sourceTree = "<group>"; };
		5B7EB9410499542E8C5724F5 /* Pods-sef-sefTests.debug.xcconfig */ = {isa = PBXFileReference; includeInIndex = 1; lastKnownFileType = text.xcconfig; name = "Pods-sef-sefTests.debug.xcconfig"; path = "Target Support Files/Pods-sef-sefTests/Pods-sef-sefTests.debug.xcconfig"; sourceTree = "<group>"; };
		5DCACB8F33CDC322A6C60F78 /* libPods-sef.a */ = {isa = PBXFileReference; explicitFileType = archive.ar; includeInIndex = 0; path = "libPods-sef.a"; sourceTree = BUILT_PRODUCTS_DIR; };
		81AB9BB72411601600AC10FF /* LaunchScreen.storyboard */ = {isa = PBXFileReference; fileEncoding = 4; lastKnownFileType = file.storyboard; name = LaunchScreen.storyboard; path = sef/LaunchScreen.storyboard; sourceTree = "<group>"; };
		89C6BE57DB24E9ADA2F236DE /* Pods-sef-sefTests.release.xcconfig */ = {isa = PBXFileReference; includeInIndex = 1; lastKnownFileType = text.xcconfig; name = "Pods-sef-sefTests.release.xcconfig"; path = "Target Support Files/Pods-sef-sefTests/Pods-sef-sefTests.release.xcconfig"; sourceTree = "<group>"; };
		ED297162215061F000B7C4FE /* JavaScriptCore.framework */ = {isa = PBXFileReference; lastKnownFileType = wrapper.framework; name = JavaScriptCore.framework; path = System/Library/Frameworks/JavaScriptCore.framework; sourceTree = SDKROOT; };
		CB4257971B2142EEA6BCD733 /* HindSiliguri-Bold.ttf */ = {isa = PBXFileReference; name = "HindSiliguri-Bold.ttf"; path = "../assets/fonts/HindSiliguri-Bold.ttf"; sourceTree = "<group>"; fileEncoding = undefined; lastKnownFileType = unknown; explicitFileType = undefined; includeInIndex = 0; };
		65A7A39542D140529983CCA3 /* HindSiliguri-Light.ttf */ = {isa = PBXFileReference; name = "HindSiliguri-Light.ttf"; path = "../assets/fonts/HindSiliguri-Light.ttf"; sourceTree = "<group>"; fileEncoding = undefined; lastKnownFileType = unknown; explicitFileType = undefined; includeInIndex = 0; };
		653659BF21354EEAB97CA336 /* HindSiliguri-Medium.ttf */ = {isa = PBXFileReference; name = "HindSiliguri-Medium.ttf"; path = "../assets/fonts/HindSiliguri-Medium.ttf"; sourceTree = "<group>"; fileEncoding = undefined; lastKnownFileType = unknown; explicitFileType = undefined; includeInIndex = 0; };
		441CBE6B7764458A8A4A6020 /* HindSiliguri-Regular.ttf */ = {isa = PBXFileReference; name = "HindSiliguri-Regular.ttf"; path = "../assets/fonts/HindSiliguri-Regular.ttf"; sourceTree = "<group>"; fileEncoding = undefined; lastKnownFileType = unknown; explicitFileType = undefined; includeInIndex = 0; };
		1B3EA15D9EAE4DEA840F0203 /* HindSiliguri-SemiBold.ttf */ = {isa = PBXFileReference; name = "HindSiliguri-SemiBold.ttf"; path = "../assets/fonts/HindSiliguri-SemiBold.ttf"; sourceTree = "<group>"; fileEncoding = undefined; lastKnownFileType = unknown; explicitFileType = undefined; includeInIndex = 0; };
		5CDD660CA3F341DEA70F3D75 /* Kalpana UNICODE.ttf */ = {isa = PBXFileReference; name = "Kalpana UNICODE.ttf"; path = "../assets/fonts/Kalpana UNICODE.ttf"; sourceTree = "<group>"; fileEncoding = undefined; lastKnownFileType = unknown; explicitFileType = undefined; includeInIndex = 0; };
		8F9E193EF9AB4EE28A81DF47 /* NotoSerifBengali-VariableFont_wdth,wght.ttf */ = {isa = PBXFileReference; name = "NotoSerifBengali-VariableFont_wdth,wght.ttf"; path = "../assets/fonts/NotoSerifBengali-VariableFont_wdth,wght.ttf"; sourceTree = "<group>"; fileEncoding = undefined; lastKnownFileType = unknown; explicitFileType = undefined; includeInIndex = 0; };
		631F7EFBAE9B4D34A76A0F4B /* NotoSerifBengali_Condensed-Black.ttf */ = {isa = PBXFileReference; name = "NotoSerifBengali_Condensed-Black.ttf"; path = "../assets/fonts/NotoSerifBengali_Condensed-Black.ttf"; sourceTree = "<group>"; fileEncoding = undefined; lastKnownFileType = unknown; explicitFileType = undefined; includeInIndex = 0; };
		77DD02849FCC41B6B9A845C6 /* NotoSerifBengali_Condensed-Bold.ttf */ = {isa = PBXFileReference; name = "NotoSerifBengali_Condensed-Bold.ttf"; path = "../assets/fonts/NotoSerifBengali_Condensed-Bold.ttf"; sourceTree = "<group>"; fileEncoding = undefined; lastKnownFileType = unknown; explicitFileType = undefined; includeInIndex = 0; };
		AFBA600BC24A4937BCBBFD7A /* NotoSerifBengali_Condensed-Light.ttf */ = {isa = PBXFileReference; name = "NotoSerifBengali_Condensed-Light.ttf"; path = "../assets/fonts/NotoSerifBengali_Condensed-Light.ttf"; sourceTree = "<group>"; fileEncoding = undefined; lastKnownFileType = unknown; explicitFileType = undefined; includeInIndex = 0; };
		E969D5BBD2F7470B947E7D19 /* NotoSerifBengali_Condensed-Medium.ttf */ = {isa = PBXFileReference; name = "NotoSerifBengali_Condensed-Medium.ttf"; path = "../assets/fonts/NotoSerifBengali_Condensed-Medium.ttf"; sourceTree = "<group>"; fileEncoding = undefined; lastKnownFileType = unknown; explicitFileType = undefined; includeInIndex = 0; };
		42EDF5F33F274D4FBEE036AE /* NotoSerifBengali_Condensed-Regular.ttf */ = {isa = PBXFileReference; name = "NotoSerifBengali_Condensed-Regular.ttf"; path = "../assets/fonts/NotoSerifBengali_Condensed-Regular.ttf"; sourceTree = "<group>"; fileEncoding = undefined; lastKnownFileType = unknown; explicitFileType = undefined; includeInIndex = 0; };
		0800953407CC4DCB81670E75 /* Pacifico-Regular.ttf */ = {isa = PBXFileReference; name = "Pacifico-Regular.ttf"; path = "../assets/fonts/Pacifico-Regular.ttf"; sourceTree = "<group>"; fileEncoding = undefined; lastKnownFileType = unknown; explicitFileType = undefined; includeInIndex = 0; };
		045FD89DC89945E685837D85 /* Roboto-Black.ttf */ = {isa = PBXFileReference; name = "Roboto-Black.ttf"; path = "../assets/fonts/Roboto-Black.ttf"; sourceTree = "<group>"; fileEncoding = undefined; lastKnownFileType = unknown; explicitFileType = undefined; includeInIndex = 0; };
		3243FCD8F22A4B2C92E2F972 /* Roboto-BlackItalic.ttf */ = {isa = PBXFileReference; name = "Roboto-BlackItalic.ttf"; path = "../assets/fonts/Roboto-BlackItalic.ttf"; sourceTree = "<group>"; fileEncoding = undefined; lastKnownFileType = unknown; explicitFileType = undefined; includeInIndex = 0; };
		3B7B8E5A73974EC89E200A71 /* Roboto-Bold.ttf */ = {isa = PBXFileReference; name = "Roboto-Bold.ttf"; path = "../assets/fonts/Roboto-Bold.ttf"; sourceTree = "<group>"; fileEncoding = undefined; lastKnownFileType = unknown; explicitFileType = undefined; includeInIndex = 0; };
		6F6BDD91DEB24CF3884A2E06 /* Roboto-BoldItalic.ttf */ = {isa = PBXFileReference; name = "Roboto-BoldItalic.ttf"; path = "../assets/fonts/Roboto-BoldItalic.ttf"; sourceTree = "<group>"; fileEncoding = undefined; lastKnownFileType = unknown; explicitFileType = undefined; includeInIndex = 0; };
		2A82A12768D3480486B5867C /* Roboto-Italic.ttf */ = {isa = PBXFileReference; name = "Roboto-Italic.ttf"; path = "../assets/fonts/Roboto-Italic.ttf"; sourceTree = "<group>"; fileEncoding = undefined; lastKnownFileType = unknown; explicitFileType = undefined; includeInIndex = 0; };
		3C90AA08D89E40ABB9F5ED90 /* Roboto-Light.ttf */ = {isa = PBXFileReference; name = "Roboto-Light.ttf"; path = "../assets/fonts/Roboto-Light.ttf"; sourceTree = "<group>"; fileEncoding = undefined; lastKnownFileType = unknown; explicitFileType = undefined; includeInIndex = 0; };
		BC91474CB5C34C749301DAC7 /* Roboto-LightItalic.ttf */ = {isa = PBXFileReference; name = "Roboto-LightItalic.ttf"; path = "../assets/fonts/Roboto-LightItalic.ttf"; sourceTree = "<group>"; fileEncoding = undefined; lastKnownFileType = unknown; explicitFileType = undefined; includeInIndex = 0; };
		5ADE6D8ECC7F47AEB60F39D3 /* Roboto-Medium.ttf */ = {isa = PBXFileReference; name = "Roboto-Medium.ttf"; path = "../assets/fonts/Roboto-Medium.ttf"; sourceTree = "<group>"; fileEncoding = undefined; lastKnownFileType = unknown; explicitFileType = undefined; includeInIndex = 0; };
		83EA132B72EE421FAF565B6F /* Roboto-MediumItalic.ttf */ = {isa = PBXFileReference; name = "Roboto-MediumItalic.ttf"; path = "../assets/fonts/Roboto-MediumItalic.ttf"; sourceTree = "<group>"; fileEncoding = undefined; lastKnownFileType = unknown; explicitFileType = undefined; includeInIndex = 0; };
		A8351A88BB67447EAE7D4AFE /* Roboto-Regular.ttf */ = {isa = PBXFileReference; name = "Roboto-Regular.ttf"; path = "../assets/fonts/Roboto-Regular.ttf"; sourceTree = "<group>"; fileEncoding = undefined; lastKnownFileType = unknown; explicitFileType = undefined; includeInIndex = 0; };
		284FE44F90BC435095C9CF68 /* Roboto-Thin.ttf */ = {isa = PBXFileReference; name = "Roboto-Thin.ttf"; path = "../assets/fonts/Roboto-Thin.ttf"; sourceTree = "<group>"; fileEncoding = undefined; lastKnownFileType = unknown; explicitFileType = undefined; includeInIndex = 0; };
		D8E33EE858AC40B4848F8690 /* Roboto-ThinItalic.ttf */ = {isa = PBXFileReference; name = "Roboto-ThinItalic.ttf"; path = "../assets/fonts/Roboto-ThinItalic.ttf"; sourceTree = "<group>"; fileEncoding = undefined; lastKnownFileType = unknown; explicitFileType = undefined; includeInIndex = 0; };
		10247C9A8EAD4E41976B46CA /* Sacramento-Regular.ttf */ = {isa = PBXFileReference; name = "Sacramento-Regular.ttf"; path = "../assets/fonts/Sacramento-Regular.ttf"; sourceTree = "<group>"; fileEncoding = undefined; lastKnownFileType = unknown; explicitFileType = undefined; includeInIndex = 0; };
		1FB881219AE344DE8857359D /* SutonnyMJ-Bold.ttf */ = {isa = PBXFileReference; name = "SutonnyMJ-Bold.ttf"; path = "../assets/fonts/SutonnyMJ-Bold.ttf"; sourceTree = "<group>"; fileEncoding = undefined; lastKnownFileType = unknown; explicitFileType = undefined; includeInIndex = 0; };
		1B29BFEE25B9449D8E3E41CB /* SutonnyOMJ.ttf */ = {isa = PBXFileReference; name = "SutonnyOMJ.ttf"; path = "../assets/fonts/SutonnyOMJ.ttf"; sourceTree = "<group>"; fileEncoding = undefined; lastKnownFileType = unknown; explicitFileType = undefined; includeInIndex = 0; };
		BDAD2565580D4B11805B3A8B /* TiroBangla-Italic.ttf */ = {isa = PBXFileReference; name = "TiroBangla-Italic.ttf"; path = "../assets/fonts/TiroBangla-Italic.ttf"; sourceTree = "<group>"; fileEncoding = undefined; lastKnownFileType = unknown; explicitFileType = undefined; includeInIndex = 0; };
		8B37F04751674A129AAE177A /* TiroBangla-Regular.ttf */ = {isa = PBXFileReference; name = "TiroBangla-Regular.ttf"; path = "../assets/fonts/TiroBangla-Regular.ttf"; sourceTree = "<group>"; fileEncoding = undefined; lastKnownFileType = unknown; explicitFileType = undefined; includeInIndex = 0; };
/* End PBXFileReference section */

/* Begin PBXFrameworksBuildPhase section */
		00E356EB1AD99517003FC87E /* Frameworks */ = {
			isa = PBXFrameworksBuildPhase;
			buildActionMask = 2147483647;
			files = (
				7699B88040F8A987B510C191 /* libPods-sef-sefTests.a in Frameworks */,
			);
			runOnlyForDeploymentPostprocessing = 0;
		};
		13B07F8C1A680F5B00A75B9A /* Frameworks */ = {
			isa = PBXFrameworksBuildPhase;
			buildActionMask = 2147483647;
			files = (
				0C80B921A6F3F58F76C31292 /* libPods-sef.a in Frameworks */,
			);
			runOnlyForDeploymentPostprocessing = 0;
		};
/* End PBXFrameworksBuildPhase section */

/* Begin PBXGroup section */
		00E356EF1AD99517003FC87E /* sefTests */ = {
			isa = PBXGroup;
			children = (
				00E356F21AD99517003FC87E /* sefTests.m */,
				00E356F01AD99517003FC87E /* Supporting Files */,
			);
			path = sefTests;
			sourceTree = "<group>";
		};
		00E356F01AD99517003FC87E /* Supporting Files */ = {
			isa = PBXGroup;
			children = (
				00E356F11AD99517003FC87E /* Info.plist */,
			);
			name = "Supporting Files";
			sourceTree = "<group>";
		};
		13B07FAE1A68108700A75B9A /* sef */ = {
			isa = PBXGroup;
			children = (
				13B07FAF1A68108700A75B9A /* AppDelegate.h */,
				13B07FB01A68108700A75B9A /* AppDelegate.mm */,
				13B07FB51A68108700A75B9A /* Images.xcassets */,
				13B07FB61A68108700A75B9A /* Info.plist */,
				81AB9BB72411601600AC10FF /* LaunchScreen.storyboard */,
				13B07FB71A68108700A75B9A /* main.m */,
				13B07FB81A68108700A75B9A /* PrivacyInfo.xcprivacy */,
			);
			name = sef;
			sourceTree = "<group>";
		};
		2D16E6871FA4F8E400B85C8A /* Frameworks */ = {
			isa = PBXGroup;
			children = (
				ED297162215061F000B7C4FE /* JavaScriptCore.framework */,
				5DCACB8F33CDC322A6C60F78 /* libPods-sef.a */,
				19F6CBCC0A4E27FBF8BF4A61 /* libPods-sef-sefTests.a */,
			);
			name = Frameworks;
			sourceTree = "<group>";
		};
		832341AE1AAA6A7D00B99B32 /* Libraries */ = {
			isa = PBXGroup;
			children = (
			);
			name = Libraries;
			sourceTree = "<group>";
		};
		83CBB9F61A601CBA00E9B192 = {
			isa = PBXGroup;
			children = (
				13B07FAE1A68108700A75B9A /* sef */,
				832341AE1AAA6A7D00B99B32 /* Libraries */,
				00E356EF1AD99517003FC87E /* sefTests */,
				83CBBA001A601CBA00E9B192 /* Products */,
				2D16E6871FA4F8E400B85C8A /* Frameworks */,
				BBD78D7AC51CEA395F1C20DB /* Pods */,
				BB6DD6D7C32541DF8C79935D /* Resources */,
			);
			indentWidth = 2;
			sourceTree = "<group>";
			tabWidth = 2;
			usesTabs = 0;
		};
		83CBBA001A601CBA00E9B192 /* Products */ = {
			isa = PBXGroup;
			children = (
				13B07F961A680F5B00A75B9A /* sef.app */,
				00E356EE1AD99517003FC87E /* sefTests.xctest */,
			);
			name = Products;
			sourceTree = "<group>";
		};
		BBD78D7AC51CEA395F1C20DB /* Pods */ = {
			isa = PBXGroup;
			children = (
				3B4392A12AC88292D35C810B /* Pods-sef.debug.xcconfig */,
				5709B34CF0A7D63546082F79 /* Pods-sef.release.xcconfig */,
				5B7EB9410499542E8C5724F5 /* Pods-sef-sefTests.debug.xcconfig */,
				89C6BE57DB24E9ADA2F236DE /* Pods-sef-sefTests.release.xcconfig */,
			);
			path = Pods;
			sourceTree = "<group>";
		};
		BB6DD6D7C32541DF8C79935D /* Resources */ = {
			isa = "PBXGroup";
			children = (
				CB4257971B2142EEA6BCD733 /* HindSiliguri-Bold.ttf */,
				65A7A39542D140529983CCA3 /* HindSiliguri-Light.ttf */,
				653659BF21354EEAB97CA336 /* HindSiliguri-Medium.ttf */,
				441CBE6B7764458A8A4A6020 /* HindSiliguri-Regular.ttf */,
				1B3EA15D9EAE4DEA840F0203 /* HindSiliguri-SemiBold.ttf */,
				5CDD660CA3F341DEA70F3D75 /* Kalpana UNICODE.ttf */,
				8F9E193EF9AB4EE28A81DF47 /* NotoSerifBengali-VariableFont_wdth,wght.ttf */,
				631F7EFBAE9B4D34A76A0F4B /* NotoSerifBengali_Condensed-Black.ttf */,
				77DD02849FCC41B6B9A845C6 /* NotoSerifBengali_Condensed-Bold.ttf */,
				AFBA600BC24A4937BCBBFD7A /* NotoSerifBengali_Condensed-Light.ttf */,
				E969D5BBD2F7470B947E7D19 /* NotoSerifBengali_Condensed-Medium.ttf */,
				42EDF5F33F274D4FBEE036AE /* NotoSerifBengali_Condensed-Regular.ttf */,
				0800953407CC4DCB81670E75 /* Pacifico-Regular.ttf */,
				045FD89DC89945E685837D85 /* Roboto-Black.ttf */,
				3243FCD8F22A4B2C92E2F972 /* Roboto-BlackItalic.ttf */,
				3B7B8E5A73974EC89E200A71 /* Roboto-Bold.ttf */,
				6F6BDD91DEB24CF3884A2E06 /* Roboto-BoldItalic.ttf */,
				2A82A12768D3480486B5867C /* Roboto-Italic.ttf */,
				3C90AA08D89E40ABB9F5ED90 /* Roboto-Light.ttf */,
				BC91474CB5C34C749301DAC7 /* Roboto-LightItalic.ttf */,
				5ADE6D8ECC7F47AEB60F39D3 /* Roboto-Medium.ttf */,
				83EA132B72EE421FAF565B6F /* Roboto-MediumItalic.ttf */,
				A8351A88BB67447EAE7D4AFE /* Roboto-Regular.ttf */,
				284FE44F90BC435095C9CF68 /* Roboto-Thin.ttf */,
				D8E33EE858AC40B4848F8690 /* Roboto-ThinItalic.ttf */,
				10247C9A8EAD4E41976B46CA /* Sacramento-Regular.ttf */,
				1FB881219AE344DE8857359D /* SutonnyMJ-Bold.ttf */,
				1B29BFEE25B9449D8E3E41CB /* SutonnyOMJ.ttf */,
				BDAD2565580D4B11805B3A8B /* TiroBangla-Italic.ttf */,
				8B37F04751674A129AAE177A /* TiroBangla-Regular.ttf */,
			);
			name = Resources;
			sourceTree = "<group>";
			path = "";
		};
/* End PBXGroup section */

/* Begin PBXNativeTarget section */
		00E356ED1AD99517003FC87E /* sefTests */ = {
			isa = PBXNativeTarget;
			buildConfigurationList = 00E357021AD99517003FC87E /* Build configuration list for PBXNativeTarget "sefTests" */;
			buildPhases = (
				A55EABD7B0C7F3A422A6CC61 /* [CP] Check Pods Manifest.lock */,
				00E356EA1AD99517003FC87E /* Sources */,
				00E356EB1AD99517003FC87E /* Frameworks */,
				00E356EC1AD99517003FC87E /* Resources */,
				C59DA0FBD6956966B86A3779 /* [CP] Embed Pods Frameworks */,
				F6A41C54EA430FDDC6A6ED99 /* [CP] Copy Pods Resources */,
			);
			buildRules = (
			);
			dependencies = (
				00E356F51AD99517003FC87E /* PBXTargetDependency */,
			);
			name = sefTests;
			productName = sefTests;
			productReference = 00E356EE1AD99517003FC87E /* sefTests.xctest */;
			productType = "com.apple.product-type.bundle.unit-test";
		};
		13B07F861A680F5B00A75B9A /* sef */ = {
			isa = PBXNativeTarget;
			buildConfigurationList = 13B07F931A680F5B00A75B9A /* Build configuration list for PBXNativeTarget "sef" */;
			buildPhases = (
				C38B50BA6285516D6DCD4F65 /* [CP] Check Pods Manifest.lock */,
				13B07F871A680F5B00A75B9A /* Sources */,
				13B07F8C1A680F5B00A75B9A /* Frameworks */,
				13B07F8E1A680F5B00A75B9A /* Resources */,
				00DD1BFF1BD5951E006B06BC /* Bundle React Native code and images */,
				00EEFC60759A1932668264C0 /* [CP] Embed Pods Frameworks */,
				E235C05ADACE081382539298 /* [CP] Copy Pods Resources */,
			);
			buildRules = (
			);
			dependencies = (
			);
			name = sef;
			productName = sef;
			productReference = 13B07F961A680F5B00A75B9A /* sef.app */;
			productType = "com.apple.product-type.application";
		};
/* End PBXNativeTarget section */

/* Begin PBXProject section */
		83CBB9F71A601CBA00E9B192 /* Project object */ = {
			isa = PBXProject;
			attributes = {
				LastUpgradeCheck = 1210;
				TargetAttributes = {
					00E356ED1AD99517003FC87E = {
						CreatedOnToolsVersion = 6.2;
						TestTargetID = 13B07F861A680F5B00A75B9A;
					};
					13B07F861A680F5B00A75B9A = {
						LastSwiftMigration = 1120;
					};
				};
			};
			buildConfigurationList = 83CBB9FA1A601CBA00E9B192 /* Build configuration list for PBXProject "sef" */;
			compatibilityVersion = "Xcode 12.0";
			developmentRegion = en;
			hasScannedForEncodings = 0;
			knownRegions = (
				en,
				Base,
			);
			mainGroup = 83CBB9F61A601CBA00E9B192;
			productRefGroup = 83CBBA001A601CBA00E9B192 /* Products */;
			projectDirPath = "";
			projectRoot = "";
			targets = (
				13B07F861A680F5B00A75B9A /* sef */,
				00E356ED1AD99517003FC87E /* sefTests */,
			);
		};
/* End PBXProject section */

/* Begin PBXResourcesBuildPhase section */
		00E356EC1AD99517003FC87E /* Resources */ = {
			isa = PBXResourcesBuildPhase;
			buildActionMask = 2147483647;
			files = (
			);
			runOnlyForDeploymentPostprocessing = 0;
		};
		13B07F8E1A680F5B00A75B9A /* Resources */ = {
			isa = PBXResourcesBuildPhase;
			buildActionMask = 2147483647;
			files = (
				81AB9BB82411601600AC10FF /* LaunchScreen.storyboard in Resources */,
				13B07FBF1A68108700A75B9A /* Images.xcassets in Resources */,
				8A85D4D3D6474E3F8992A4E0 /* HindSiliguri-Bold.ttf in Resources */,
				FDDA7E29C73247E1AB0831C9 /* HindSiliguri-Light.ttf in Resources */,
				065A599497E744C3A9A11F26 /* HindSiliguri-Medium.ttf in Resources */,
				89B8206B4F7149818064B961 /* HindSiliguri-Regular.ttf in Resources */,
				E2983AB1FFEB4775AB73FA00 /* HindSiliguri-SemiBold.ttf in Resources */,
				1A97B029268C4FBD9408FC03 /* Kalpana UNICODE.ttf in Resources */,
				C6A37D53FBB443FF83BDE7DC /* NotoSerifBengali-VariableFont_wdth,wght.ttf in Resources */,
				69A96A86FAE44C8793DBBC4B /* NotoSerifBengali_Condensed-Black.ttf in Resources */,
				D502BB18CBE342429A8809BD /* NotoSerifBengali_Condensed-Bold.ttf in Resources */,
				85639269B22C484FBD023A31 /* NotoSerifBengali_Condensed-Light.ttf in Resources */,
				04768E4F57A74891B0E2E95D /* NotoSerifBengali_Condensed-Medium.ttf in Resources */,
				2F7A18936E784AF88AC48203 /* NotoSerifBengali_Condensed-Regular.ttf in Resources */,
				52EB7D5D0F83460E816D3713 /* Pacifico-Regular.ttf in Resources */,
				41FD033A821F4CF797D6D283 /* Roboto-Black.ttf in Resources */,
				499B96A390A043E29654F683 /* Roboto-BlackItalic.ttf in Resources */,
				5651CD15972E4F16B2551798 /* Roboto-Bold.ttf in Resources */,
				2F01455F64904EDA80A2D65D /* Roboto-BoldItalic.ttf in Resources */,
				237F500C6BCB4A63B749DCC6 /* Roboto-Italic.ttf in Resources */,
				2D34A9DBA2BE4B939D3F2E32 /* Roboto-Light.ttf in Resources */,
				EF4697A3F8D4470C84D319A9 /* Roboto-LightItalic.ttf in Resources */,
				EA797BB50F0B43DAB2B8AA9C /* Roboto-Medium.ttf in Resources */,
				F6BEA67BD6844736AA2774F4 /* Roboto-MediumItalic.ttf in Resources */,
				54EC1A18F66B4985BBBF04A9 /* Roboto-Regular.ttf in Resources */,
				82295CFC04E5413C9543E772 /* Roboto-Thin.ttf in Resources */,
				7BAF939D7290427B84FA7AAD /* Roboto-ThinItalic.ttf in Resources */,
				99888BAEAE5A41858D85232C /* Sacramento-Regular.ttf in Resources */,
				A686C08BE1F4452E8E402A46 /* SutonnyMJ-Bold.ttf in Resources */,
				8D0812112DD841F7BD06398C /* SutonnyOMJ.ttf in Resources */,
				81AF996F334141E78DA91AD9 /* TiroBangla-Italic.ttf in Resources */,
				96970766E0994FE9A0CCB7BB /* TiroBangla-Regular.ttf in Resources */,
			);
			runOnlyForDeploymentPostprocessing = 0;
		};
/* End PBXResourcesBuildPhase section */

/* Begin PBXShellScriptBuildPhase section */
		00DD1BFF1BD5951E006B06BC /* Bundle React Native code and images */ = {
			isa = PBXShellScriptBuildPhase;
			buildActionMask = 2147483647;
			files = (
			);
			inputPaths = (
				"$(SRCROOT)/.xcode.env.local",
				"$(SRCROOT)/.xcode.env",
			);
			name = "Bundle React Native code and images";
			outputPaths = (
			);
			runOnlyForDeploymentPostprocessing = 0;
			shellPath = /bin/sh;
			shellScript = "set -e\n\nWITH_ENVIRONMENT=\"$REACT_NATIVE_PATH/scripts/xcode/with-environment.sh\"\nREACT_NATIVE_XCODE=\"$REACT_NATIVE_PATH/scripts/react-native-xcode.sh\"\n\n/bin/sh -c \"$WITH_ENVIRONMENT $REACT_NATIVE_XCODE\"\n";
		};
		00EEFC60759A1932668264C0 /* [CP] Embed Pods Frameworks */ = {
			isa = PBXShellScriptBuildPhase;
			buildActionMask = 2147483647;
			files = (
			);
			inputFileListPaths = (
				"${PODS_ROOT}/Target Support Files/Pods-sef/Pods-sef-frameworks-${CONFIGURATION}-input-files.xcfilelist",
			);
			name = "[CP] Embed Pods Frameworks";
			outputFileListPaths = (
				"${PODS_ROOT}/Target Support Files/Pods-sef/Pods-sef-frameworks-${CONFIGURATION}-output-files.xcfilelist",
			);
			runOnlyForDeploymentPostprocessing = 0;
			shellPath = /bin/sh;
			shellScript = "\"${PODS_ROOT}/Target Support Files/Pods-sef/Pods-sef-frameworks.sh\"\n";
			showEnvVarsInLog = 0;
		};
		A55EABD7B0C7F3A422A6CC61 /* [CP] Check Pods Manifest.lock */ = {
			isa = PBXShellScriptBuildPhase;
			buildActionMask = 2147483647;
			files = (
			);
			inputFileListPaths = (
			);
			inputPaths = (
				"${PODS_PODFILE_DIR_PATH}/Podfile.lock",
				"${PODS_ROOT}/Manifest.lock",
			);
			name = "[CP] Check Pods Manifest.lock";
			outputFileListPaths = (
			);
			outputPaths = (
				"$(DERIVED_FILE_DIR)/Pods-sef-sefTests-checkManifestLockResult.txt",
			);
			runOnlyForDeploymentPostprocessing = 0;
			shellPath = /bin/sh;
			shellScript = "diff \"${PODS_PODFILE_DIR_PATH}/Podfile.lock\" \"${PODS_ROOT}/Manifest.lock\" > /dev/null\nif [ $? != 0 ] ; then\n    # print error to STDERR\n    echo \"error: The sandbox is not in sync with the Podfile.lock. Run 'pod install' or update your CocoaPods installation.\" >&2\n    exit 1\nfi\n# This output is used by Xcode 'outputs' to avoid re-running this script phase.\necho \"SUCCESS\" > \"${SCRIPT_OUTPUT_FILE_0}\"\n";
			showEnvVarsInLog = 0;
		};
		C38B50BA6285516D6DCD4F65 /* [CP] Check Pods Manifest.lock */ = {
			isa = PBXShellScriptBuildPhase;
			buildActionMask = 2147483647;
			files = (
			);
			inputFileListPaths = (
			);
			inputPaths = (
				"${PODS_PODFILE_DIR_PATH}/Podfile.lock",
				"${PODS_ROOT}/Manifest.lock",
			);
			name = "[CP] Check Pods Manifest.lock";
			outputFileListPaths = (
			);
			outputPaths = (
				"$(DERIVED_FILE_DIR)/Pods-sef-checkManifestLockResult.txt",
			);
			runOnlyForDeploymentPostprocessing = 0;
			shellPath = /bin/sh;
			shellScript = "diff \"${PODS_PODFILE_DIR_PATH}/Podfile.lock\" \"${PODS_ROOT}/Manifest.lock\" > /dev/null\nif [ $? != 0 ] ; then\n    # print error to STDERR\n    echo \"error: The sandbox is not in sync with the Podfile.lock. Run 'pod install' or update your CocoaPods installation.\" >&2\n    exit 1\nfi\n# This output is used by Xcode 'outputs' to avoid re-running this script phase.\necho \"SUCCESS\" > \"${SCRIPT_OUTPUT_FILE_0}\"\n";
			showEnvVarsInLog = 0;
		};
		C59DA0FBD6956966B86A3779 /* [CP] Embed Pods Frameworks */ = {
			isa = PBXShellScriptBuildPhase;
			buildActionMask = 2147483647;
			files = (
			);
			inputFileListPaths = (
				"${PODS_ROOT}/Target Support Files/Pods-sef-sefTests/Pods-sef-sefTests-frameworks-${CONFIGURATION}-input-files.xcfilelist",
			);
			name = "[CP] Embed Pods Frameworks";
			outputFileListPaths = (
				"${PODS_ROOT}/Target Support Files/Pods-sef-sefTests/Pods-sef-sefTests-frameworks-${CONFIGURATION}-output-files.xcfilelist",
			);
			runOnlyForDeploymentPostprocessing = 0;
			shellPath = /bin/sh;
			shellScript = "\"${PODS_ROOT}/Target Support Files/Pods-sef-sefTests/Pods-sef-sefTests-frameworks.sh\"\n";
			showEnvVarsInLog = 0;
		};
		E235C05ADACE081382539298 /* [CP] Copy Pods Resources */ = {
			isa = PBXShellScriptBuildPhase;
			buildActionMask = 2147483647;
			files = (
			);
			inputFileListPaths = (
				"${PODS_ROOT}/Target Support Files/Pods-sef/Pods-sef-resources-${CONFIGURATION}-input-files.xcfilelist",
			);
			name = "[CP] Copy Pods Resources";
			outputFileListPaths = (
				"${PODS_ROOT}/Target Support Files/Pods-sef/Pods-sef-resources-${CONFIGURATION}-output-files.xcfilelist",
			);
			runOnlyForDeploymentPostprocessing = 0;
			shellPath = /bin/sh;
			shellScript = "\"${PODS_ROOT}/Target Support Files/Pods-sef/Pods-sef-resources.sh\"\n";
			showEnvVarsInLog = 0;
		};
		F6A41C54EA430FDDC6A6ED99 /* [CP] Copy Pods Resources */ = {
			isa = PBXShellScriptBuildPhase;
			buildActionMask = 2147483647;
			files = (
			);
			inputFileListPaths = (
				"${PODS_ROOT}/Target Support Files/Pods-sef-sefTests/Pods-sef-sefTests-resources-${CONFIGURATION}-input-files.xcfilelist",
			);
			name = "[CP] Copy Pods Resources";
			outputFileListPaths = (
				"${PODS_ROOT}/Target Support Files/Pods-sef-sefTests/Pods-sef-sefTests-resources-${CONFIGURATION}-output-files.xcfilelist",
			);
			runOnlyForDeploymentPostprocessing = 0;
			shellPath = /bin/sh;
			shellScript = "\"${PODS_ROOT}/Target Support Files/Pods-sef-sefTests/Pods-sef-sefTests-resources.sh\"\n";
			showEnvVarsInLog = 0;
		};
/* End PBXShellScriptBuildPhase section */

/* Begin PBXSourcesBuildPhase section */
		00E356EA1AD99517003FC87E /* Sources */ = {
			isa = PBXSourcesBuildPhase;
			buildActionMask = 2147483647;
			files = (
				00E356F31AD99517003FC87E /* sefTests.m in Sources */,
			);
			runOnlyForDeploymentPostprocessing = 0;
		};
		13B07F871A680F5B00A75B9A /* Sources */ = {
			isa = PBXSourcesBuildPhase;
			buildActionMask = 2147483647;
			files = (
				13B07FBC1A68108700A75B9A /* AppDelegate.mm in Sources */,
				13B07FC11A68108700A75B9A /* main.m in Sources */,
			);
			runOnlyForDeploymentPostprocessing = 0;
		};
/* End PBXSourcesBuildPhase section */

/* Begin PBXTargetDependency section */
		00E356F51AD99517003FC87E /* PBXTargetDependency */ = {
			isa = PBXTargetDependency;
			target = 13B07F861A680F5B00A75B9A /* sef */;
			targetProxy = 00E356F41AD99517003FC87E /* PBXContainerItemProxy */;
		};
/* End PBXTargetDependency section */

/* Begin XCBuildConfiguration section */
		00E356F61AD99517003FC87E /* Debug */ = {
			isa = XCBuildConfiguration;
			baseConfigurationReference = 5B7EB9410499542E8C5724F5 /* Pods-sef-sefTests.debug.xcconfig */;
			buildSettings = {
				BUNDLE_LOADER = "$(TEST_HOST)";
				GCC_PREPROCESSOR_DEFINITIONS = (
					"DEBUG=1",
					"$(inherited)",
				);
				INFOPLIST_FILE = sefTests/Info.plist;
				IPHONEOS_DEPLOYMENT_TARGET = 13.4;
				LD_RUNPATH_SEARCH_PATHS = (
					"$(inherited)",
					"@executable_path/Frameworks",
					"@loader_path/Frameworks",
				);
				OTHER_LDFLAGS = (
					"-ObjC",
					"-lc++",
					"$(inherited)",
				);
				PRODUCT_BUNDLE_IDENTIFIER = "org.reactjs.native.example.$(PRODUCT_NAME:rfc1034identifier)";
				PRODUCT_NAME = "$(TARGET_NAME)";
				TEST_HOST = "$(BUILT_PRODUCTS_DIR)/sef.app/sef";
			};
			name = Debug;
		};
		00E356F71AD99517003FC87E /* Release */ = {
			isa = XCBuildConfiguration;
			baseConfigurationReference = 89C6BE57DB24E9ADA2F236DE /* Pods-sef-sefTests.release.xcconfig */;
			buildSettings = {
				BUNDLE_LOADER = "$(TEST_HOST)";
				COPY_PHASE_STRIP = NO;
				INFOPLIST_FILE = sefTests/Info.plist;
				IPHONEOS_DEPLOYMENT_TARGET = 13.4;
				LD_RUNPATH_SEARCH_PATHS = (
					"$(inherited)",
					"@executable_path/Frameworks",
					"@loader_path/Frameworks",
				);
				OTHER_LDFLAGS = (
					"-ObjC",
					"-lc++",
					"$(inherited)",
				);
				PRODUCT_BUNDLE_IDENTIFIER = "org.reactjs.native.example.$(PRODUCT_NAME:rfc1034identifier)";
				PRODUCT_NAME = "$(TARGET_NAME)";
				TEST_HOST = "$(BUILT_PRODUCTS_DIR)/sef.app/sef";
			};
			name = Release;
		};
		13B07F941A680F5B00A75B9A /* Debug */ = {
			isa = XCBuildConfiguration;
			baseConfigurationReference = 3B4392A12AC88292D35C810B /* Pods-sef.debug.xcconfig */;
			buildSettings = {
				ASSETCATALOG_COMPILER_APPICON_NAME = AppIcon;
				CLANG_ENABLE_MODULES = YES;
				CURRENT_PROJECT_VERSION = 1;
				ENABLE_BITCODE = NO;
				INFOPLIST_FILE = sef/Info.plist;
				LD_RUNPATH_SEARCH_PATHS = (
					"$(inherited)",
					"@executable_path/Frameworks",
				);
				MARKETING_VERSION = 1.0;
				OTHER_LDFLAGS = (
					"$(inherited)",
					"-ObjC",
					"-lc++",
				);
				PRODUCT_BUNDLE_IDENTIFIER = "org.reactjs.native.example.$(PRODUCT_NAME:rfc1034identifier)";
				PRODUCT_NAME = sef;
				SWIFT_OPTIMIZATION_LEVEL = "-Onone";
				SWIFT_VERSION = 5.0;
				VERSIONING_SYSTEM = "apple-generic";
			};
			name = Debug;
		};
		13B07F951A680F5B00A75B9A /* Release */ = {
			isa = XCBuildConfiguration;
			baseConfigurationReference = 5709B34CF0A7D63546082F79 /* Pods-sef.release.xcconfig */;
			buildSettings = {
				ASSETCATALOG_COMPILER_APPICON_NAME = AppIcon;
				CLANG_ENABLE_MODULES = YES;
				CURRENT_PROJECT_VERSION = 1;
				INFOPLIST_FILE = sef/Info.plist;
				LD_RUNPATH_SEARCH_PATHS = (
					"$(inherited)",
					"@executable_path/Frameworks",
				);
				MARKETING_VERSION = 1.0;
				OTHER_LDFLAGS = (
					"$(inherited)",
					"-ObjC",
					"-lc++",
				);
				PRODUCT_BUNDLE_IDENTIFIER = "org.reactjs.native.example.$(PRODUCT_NAME:rfc1034identifier)";
				PRODUCT_NAME = sef;
				SWIFT_VERSION = 5.0;
				VERSIONING_SYSTEM = "apple-generic";
			};
			name = Release;
		};
		83CBBA201A601CBA00E9B192 /* Debug */ = {
			isa = XCBuildConfiguration;
			buildSettings = {
				ALWAYS_SEARCH_USER_PATHS = NO;
				CLANG_ANALYZER_LOCALIZABILITY_NONLOCALIZED = YES;
				CLANG_CXX_LANGUAGE_STANDARD = "c++20";
				CLANG_CXX_LIBRARY = "libc++";
				CLANG_ENABLE_MODULES = YES;
				CLANG_ENABLE_OBJC_ARC = YES;
				CLANG_WARN_BLOCK_CAPTURE_AUTORELEASING = YES;
				CLANG_WARN_BOOL_CONVERSION = YES;
				CLANG_WARN_COMMA = YES;
				CLANG_WARN_CONSTANT_CONVERSION = YES;
				CLANG_WARN_DEPRECATED_OBJC_IMPLEMENTATIONS = YES;
				CLANG_WARN_DIRECT_OBJC_ISA_USAGE = YES_ERROR;
				CLANG_WARN_EMPTY_BODY = YES;
				CLANG_WARN_ENUM_CONVERSION = YES;
				CLANG_WARN_INFINITE_RECURSION = YES;
				CLANG_WARN_INT_CONVERSION = YES;
				CLANG_WARN_NON_LITERAL_NULL_CONVERSION = YES;
				CLANG_WARN_OBJC_IMPLICIT_RETAIN_SELF = YES;
				CLANG_WARN_OBJC_LITERAL_CONVERSION = YES;
				CLANG_WARN_OBJC_ROOT_CLASS = YES_ERROR;
				CLANG_WARN_QUOTED_INCLUDE_IN_FRAMEWORK_HEADER = YES;
				CLANG_WARN_RANGE_LOOP_ANALYSIS = YES;
				CLANG_WARN_STRICT_PROTOTYPES = YES;
				CLANG_WARN_SUSPICIOUS_MOVE = YES;
				CLANG_WARN_UNREACHABLE_CODE = YES;
				CLANG_WARN__DUPLICATE_METHOD_MATCH = YES;
				"CODE_SIGN_IDENTITY[sdk=iphoneos*]" = "iPhone Developer";
				COPY_PHASE_STRIP = NO;
				ENABLE_STRICT_OBJC_MSGSEND = YES;
				ENABLE_TESTABILITY = YES;
				"EXCLUDED_ARCHS[sdk=iphonesimulator*]" = "";
				GCC_C_LANGUAGE_STANDARD = gnu99;
				GCC_DYNAMIC_NO_PIC = NO;
				GCC_NO_COMMON_BLOCKS = YES;
				GCC_OPTIMIZATION_LEVEL = 0;
				GCC_PREPROCESSOR_DEFINITIONS = (
					"DEBUG=1",
					"$(inherited)",
				);
				GCC_SYMBOLS_PRIVATE_EXTERN = NO;
				GCC_WARN_64_TO_32_BIT_CONVERSION = YES;
				GCC_WARN_ABOUT_RETURN_TYPE = YES_ERROR;
				GCC_WARN_UNDECLARED_SELECTOR = YES;
				GCC_WARN_UNINITIALIZED_AUTOS = YES_AGGRESSIVE;
				GCC_WARN_UNUSED_FUNCTION = YES;
				GCC_WARN_UNUSED_VARIABLE = YES;
				IPHONEOS_DEPLOYMENT_TARGET = 13.4;
				LD_RUNPATH_SEARCH_PATHS = (
					/usr/lib/swift,
					"$(inherited)",
				);
				LIBRARY_SEARCH_PATHS = (
					"\"$(SDKROOT)/usr/lib/swift\"",
					"\"$(TOOLCHAIN_DIR)/usr/lib/swift/$(PLATFORM_NAME)\"",
					"\"$(inherited)\"",
				);
				MTL_ENABLE_DEBUG_INFO = YES;
				ONLY_ACTIVE_ARCH = YES;
				OTHER_CPLUSPLUSFLAGS = (
					"$(OTHER_CFLAGS)",
					"-DFOLLY_NO_CONFIG",
					"-DFOLLY_MOBILE=1",
					"-DFOLLY_USE_LIBCPP=1",
					"-DFOLLY_CFG_NO_COROUTINES=1",
					"-DFOLLY_HAVE_CLOCK_GETTIME=1",
				);
				SDKROOT = iphoneos;
			};
			name = Debug;
		};
		83CBBA211A601CBA00E9B192 /* Release */ = {
			isa = XCBuildConfiguration;
			buildSettings = {
				ALWAYS_SEARCH_USER_PATHS = NO;
				CLANG_ANALYZER_LOCALIZABILITY_NONLOCALIZED = YES;
				CLANG_CXX_LANGUAGE_STANDARD = "c++20";
				CLANG_CXX_LIBRARY = "libc++";
				CLANG_ENABLE_MODULES = YES;
				CLANG_ENABLE_OBJC_ARC = YES;
				CLANG_WARN_BLOCK_CAPTURE_AUTORELEASING = YES;
				CLANG_WARN_BOOL_CONVERSION = YES;
				CLANG_WARN_COMMA = YES;
				CLANG_WARN_CONSTANT_CONVERSION = YES;
				CLANG_WARN_DEPRECATED_OBJC_IMPLEMENTATIONS = YES;
				CLANG_WARN_DIRECT_OBJC_ISA_USAGE = YES_ERROR;
				CLANG_WARN_EMPTY_BODY = YES;
				CLANG_WARN_ENUM_CONVERSION = YES;
				CLANG_WARN_INFINITE_RECURSION = YES;
				CLANG_WARN_INT_CONVERSION = YES;
				CLANG_WARN_NON_LITERAL_NULL_CONVERSION = YES;
				CLANG_WARN_OBJC_IMPLICIT_RETAIN_SELF = YES;
				CLANG_WARN_OBJC_LITERAL_CONVERSION = YES;
				CLANG_WARN_OBJC_ROOT_CLASS = YES_ERROR;
				CLANG_WARN_QUOTED_INCLUDE_IN_FRAMEWORK_HEADER = YES;
				CLANG_WARN_RANGE_LOOP_ANALYSIS = YES;
				CLANG_WARN_STRICT_PROTOTYPES = YES;
				CLANG_WARN_SUSPICIOUS_MOVE = YES;
				CLANG_WARN_UNREACHABLE_CODE = YES;
				CLANG_WARN__DUPLICATE_METHOD_MATCH = YES;
				"CODE_SIGN_IDENTITY[sdk=iphoneos*]" = "iPhone Developer";
				COPY_PHASE_STRIP = YES;
				ENABLE_NS_ASSERTIONS = NO;
				ENABLE_STRICT_OBJC_MSGSEND = YES;
				"EXCLUDED_ARCHS[sdk=iphonesimulator*]" = "";
				GCC_C_LANGUAGE_STANDARD = gnu99;
				GCC_NO_COMMON_BLOCKS = YES;
				GCC_WARN_64_TO_32_BIT_CONVERSION = YES;
				GCC_WARN_ABOUT_RETURN_TYPE = YES_ERROR;
				GCC_WARN_UNDECLARED_SELECTOR = YES;
				GCC_WARN_UNINITIALIZED_AUTOS = YES_AGGRESSIVE;
				GCC_WARN_UNUSED_FUNCTION = YES;
				GCC_WARN_UNUSED_VARIABLE = YES;
				IPHONEOS_DEPLOYMENT_TARGET = 13.4;
				LD_RUNPATH_SEARCH_PATHS = (
					/usr/lib/swift,
					"$(inherited)",
				);
				LIBRARY_SEARCH_PATHS = (
					"\"$(SDKROOT)/usr/lib/swift\"",
					"\"$(TOOLCHAIN_DIR)/usr/lib/swift/$(PLATFORM_NAME)\"",
					"\"$(inherited)\"",
				);
				MTL_ENABLE_DEBUG_INFO = NO;
				OTHER_CPLUSPLUSFLAGS = (
					"$(OTHER_CFLAGS)",
					"-DFOLLY_NO_CONFIG",
					"-DFOLLY_MOBILE=1",
					"-DFOLLY_USE_LIBCPP=1",
					"-DFOLLY_CFG_NO_COROUTINES=1",
					"-DFOLLY_HAVE_CLOCK_GETTIME=1",
				);
				SDKROOT = iphoneos;
				VALIDATE_PRODUCT = YES;
			};
			name = Release;
		};
/* End XCBuildConfiguration section */

/* Begin XCConfigurationList section */
		00E357021AD99517003FC87E /* Build configuration list for PBXNativeTarget "sefTests" */ = {
			isa = XCConfigurationList;
			buildConfigurations = (
				00E356F61AD99517003FC87E /* Debug */,
				00E356F71AD99517003FC87E /* Release */,
			);
			defaultConfigurationIsVisible = 0;
			defaultConfigurationName = Release;
		};
		13B07F931A680F5B00A75B9A /* Build configuration list for PBXNativeTarget "sef" */ = {
			isa = XCConfigurationList;
			buildConfigurations = (
				13B07F941A680F5B00A75B9A /* Debug */,
				13B07F951A680F5B00A75B9A /* Release */,
			);
			defaultConfigurationIsVisible = 0;
			defaultConfigurationName = Release;
		};
		83CBB9FA1A601CBA00E9B192 /* Build configuration list for PBXProject "sef" */ = {
			isa = XCConfigurationList;
			buildConfigurations = (
				83CBBA201A601CBA00E9B192 /* Debug */,
				83CBBA211A601CBA00E9B192 /* Release */,
			);
			defaultConfigurationIsVisible = 0;
			defaultConfigurationName = Release;
		};
/* End XCConfigurationList section */
	};
	rootObject = 83CBB9F71A601CBA00E9B192 /* Project object */;
}
